{
    "version": 3,
    "terraform_version": "0.11.7",
    "serial": 2,
    "lineage": "84837478-e331-5337-535c-baa187bae8ad",
    "modules": [
        {
            "path": [
                "root"
            ],
            "outputs": {
                "ips": {
                    "sensitive": false,
                    "type": "string",
                    "value": "192.168.100.47, 192.168.100.175"
                }
            },
            "resources": {
                "aws_instance.web.0": {
                    "type": "aws_instance",
                    "depends_on": [
                        "aws_subnet.web_subnet.*"
                    ],
                    "primary": {
                        "id": "i-031b842b6f2a025c7",
                        "attributes": {
                            "ami": "ami-0fb83677",
                            "associate_public_ip_address": "false",
                            "availability_zone": "us-west-2a",
                            "credit_specification.#": "1",
                            "credit_specification.0.cpu_credits": "standard",
                            "disable_api_termination": "false",
                            "ebs_block_device.#": "0",
                            "ebs_optimized": "false",
                            "ephemeral_block_device.#": "0",
                            "get_password_data": "false",
                            "iam_instance_profile": "",
                            "id": "i-031b842b6f2a025c7",
                            "instance_state": "running",
                            "instance_type": "t2.micro",
                            "ipv6_addresses.#": "0",
                            "key_name": "",
                            "monitoring": "false",
                            "network_interface.#": "0",
                            "network_interface_id": "eni-c92c4ac2",
                            "password_data": "",
                            "placement_group": "",
                            "primary_network_interface_id": "eni-c92c4ac2",
                            "private_dns": "ip-192-168-100-47.us-west-2.compute.internal",
                            "private_ip": "192.168.100.47",
                            "public_dns": "",
                            "public_ip": "",
                            "root_block_device.#": "1",
                            "root_block_device.0.delete_on_termination": "true",
                            "root_block_device.0.iops": "100",
                            "root_block_device.0.volume_id": "vol-0c6ecab8d8e7625e9",
                            "root_block_device.0.volume_size": "8",
                            "root_block_device.0.volume_type": "gp2",
                            "security_groups.#": "0",
                            "source_dest_check": "true",
                            "subnet_id": "subnet-dbcda290",
                            "tags.%": "1",
                            "tags.Name": "Web Server 1",
                            "tenancy": "default",
                            "volume_tags.%": "0",
                            "vpc_security_group_ids.#": "1",
                            "vpc_security_group_ids.2518476718": "sg-d12765a1"
                        },
                        "meta": {
                            "e2bfb730-ecaa-11e6-8f88-34363bc7c4c0": {
                                "create": 600000000000,
                                "delete": 1200000000000,
                                "update": 600000000000
                            },
                            "schema_version": "1"
                        },
                        "tainted": false
                    },
                    "deposed": [],
                    "provider": "provider.aws"
                },
                "aws_instance.web.1": {
                    "type": "aws_instance",
                    "depends_on": [
                        "aws_subnet.web_subnet.*"
                    ],
                    "primary": {
                        "id": "i-0cdb9068517cc446a",
                        "attributes": {
                            "ami": "ami-0fb83677",
                            "associate_public_ip_address": "false",
                            "availability_zone": "us-west-2b",
                            "credit_specification.#": "1",
                            "credit_specification.0.cpu_credits": "standard",
                            "disable_api_termination": "false",
                            "ebs_block_device.#": "0",
                            "ebs_optimized": "false",
                            "ephemeral_block_device.#": "0",
                            "get_password_data": "false",
                            "iam_instance_profile": "",
                            "id": "i-0cdb9068517cc446a",
                            "instance_state": "running",
                            "instance_type": "t2.micro",
                            "ipv6_addresses.#": "0",
                            "key_name": "",
                            "monitoring": "false",
                            "network_interface.#": "0",
                            "network_interface_id": "eni-6250e159",
                            "password_data": "",
                            "placement_group": "",
                            "primary_network_interface_id": "eni-6250e159",
                            "private_dns": "ip-192-168-100-175.us-west-2.compute.internal",
                            "private_ip": "192.168.100.175",
                            "public_dns": "",
                            "public_ip": "",
                            "root_block_device.#": "1",
                            "root_block_device.0.delete_on_termination": "true",
                            "root_block_device.0.iops": "100",
                            "root_block_device.0.volume_id": "vol-0311c72287eda5fe3",
                            "root_block_device.0.volume_size": "8",
                            "root_block_device.0.volume_type": "gp2",
                            "security_groups.#": "0",
                            "source_dest_check": "true",
                            "subnet_id": "subnet-c6571abf",
                            "tags.%": "1",
                            "tags.Name": "Web Server 2",
                            "tenancy": "default",
                            "volume_tags.%": "0",
                            "vpc_security_group_ids.#": "1",
                            "vpc_security_group_ids.2518476718": "sg-d12765a1"
                        },
                        "meta": {
                            "e2bfb730-ecaa-11e6-8f88-34363bc7c4c0": {
                                "create": 600000000000,
                                "delete": 1200000000000,
                                "update": 600000000000
                            },
                            "schema_version": "1"
                        },
                        "tainted": false
                    },
                    "deposed": [],
                    "provider": "provider.aws"
                },
                "aws_subnet.web_subnet.0": {
                    "type": "aws_subnet",
                    "depends_on": [
                        "aws_vpc.web_vpc"
                    ],
                    "primary": {
                        "id": "subnet-dbcda290",
                        "attributes": {
                            "assign_ipv6_address_on_creation": "false",
                            "availability_zone": "us-west-2a",
                            "cidr_block": "192.168.100.0/25",
                            "id": "subnet-dbcda290",
                            "map_public_ip_on_launch": "false",
                            "tags.%": "1",
                            "tags.Name": "Web Subnet 1",
                            "vpc_id": "vpc-a78670df"
                        },
                        "meta": {
                            "schema_version": "1"
                        },
                        "tainted": false
                    },
                    "deposed": [],
                    "provider": "provider.aws"
                },
                "aws_subnet.web_subnet.1": {
                    "type": "aws_subnet",
                    "depends_on": [
                        "aws_vpc.web_vpc"
                    ],
                    "primary": {
                        "id": "subnet-c6571abf",
                        "attributes": {
                            "assign_ipv6_address_on_creation": "false",
                            "availability_zone": "us-west-2b",
                            "cidr_block": "192.168.100.128/25",
                            "id": "subnet-c6571abf",
                            "map_public_ip_on_launch": "false",
                            "tags.%": "1",
                            "tags.Name": "Web Subnet 2",
                            "vpc_id": "vpc-a78670df"
                        },
                        "meta": {
                            "schema_version": "1"
                        },
                        "tainted": false
                    },
                    "deposed": [],
                    "provider": "provider.aws"
                },
                "aws_vpc.web_vpc": {
                    "type": "aws_vpc",
                    "depends_on": [],
                    "primary": {
                        "id": "vpc-a78670df",
                        "attributes": {
                            "assign_generated_ipv6_cidr_block": "false",
                            "cidr_block": "192.168.100.0/24",
                            "default_network_acl_id": "acl-35e3ac4d",
                            "default_route_table_id": "rtb-b34b9fc8",
                            "default_security_group_id": "sg-d12765a1",
                            "dhcp_options_id": "dopt-c05687a7",
                            "enable_classiclink": "false",
                            "enable_classiclink_dns_support": "false",
                            "enable_dns_hostnames": "true",
                            "enable_dns_support": "true",
                            "id": "vpc-a78670df",
                            "instance_tenancy": "default",
                            "main_route_table_id": "rtb-b34b9fc8",
                            "tags.%": "1",
                            "tags.Name": "Web VPC"
                        },
                        "meta": {
                            "schema_version": "1"
                        },
                        "tainted": false
                    },
                    "deposed": [],
                    "provider": "provider.aws"
                }
            },
            "depends_on": []
        }
    ]
}
